
Microsoft Visual Studio Solution File, Format Version 12.00
# Visual Studio Version 16
VisualStudioVersion = 16.0.30523.141
MinimumVisualStudioVersion = 10.0.40219.1
Project("{2150E333-8FDC-42A3-9474-1A3956D46DE8}") = ".netfx", ".netfx", "{4066B4D0-F042-4B1C-BE8C-3F8D1FEC9251}"
EndProject
Project("{2150E333-8FDC-42A3-9474-1A3956D46DE8}") = ".netcore", ".netcore", "{8B6BD6A0-ED68-4003-BF75-D174F3CEB8D9}"
EndProject
Project("{FAE04EC0-301F-11D3-BF4B-00C04F79EFBC}") = "ds2wav", "..\.proj\netfx\ds2wav.csproj", "{92097144-B9F8-405A-A978-C029B2B67234}"
EndProject
Project("{D954291E-2A0B-460D-934E-DC6B0785DB48}") = "ds2", "..\.proj\ds2\ds2.shproj", "{41D0FE7D-C4A1-4D2D-A404-D3A3650C16F2}"
EndProject
Project("{9A19103F-16F7-4668-BE54-9A1E7A4F7556}") = "ds2wav", "..\.proj\netcore\ds2wav.csproj", "{4C86B8BA-E14C-426F-875E-E95192DC945E}"
EndProject
Global
	GlobalSection(SharedMSBuildProjectFiles) = preSolution
		..\.proj\ds2\ds2.projitems*{41d0fe7d-c4a1-4d2d-a404-d3a3650c16f2}*SharedItemsImports = 13
		..\.proj\ds2\ds2.projitems*{4c86b8ba-e14c-426f-875e-e95192dc945e}*SharedItemsImports = 5
		..\.proj\ds2\ds2.projitems*{92097144-b9f8-405a-a978-c029b2b67234}*SharedItemsImports = 4
	EndGlobalSection
	GlobalSection(SolutionConfigurationPlatforms) = preSolution
		Debug|Any CPU = Debug|Any CPU
		Debug|Win64 = Debug|Win64
		Debug|x86 = Debug|x86
		Release|Any CPU = Release|Any CPU
		Release|Win64 = Release|Win64
		Release|x86 = Release|x86
	EndGlobalSection
	GlobalSection(ProjectConfigurationPlatforms) = postSolution
		{92097144-B9F8-405A-A978-C029B2B67234}.Debug|Any CPU.ActiveCfg = Debug|Any CPU
		{92097144-B9F8-405A-A978-C029B2B67234}.Debug|Any CPU.Build.0 = Debug|Any CPU
		{92097144-B9F8-405A-A978-C029B2B67234}.Debug|Win64.ActiveCfg = Debug|Win64
		{92097144-B9F8-405A-A978-C029B2B67234}.Debug|Win64.Build.0 = Debug|Win64
		{92097144-B9F8-405A-A978-C029B2B67234}.Debug|x86.ActiveCfg = Debug|Win32
		{92097144-B9F8-405A-A978-C029B2B67234}.Debug|x86.Build.0 = Debug|Win32
		{92097144-B9F8-405A-A978-C029B2B67234}.Release|Any CPU.ActiveCfg = Release|Any CPU
		{92097144-B9F8-405A-A978-C029B2B67234}.Release|Any CPU.Build.0 = Release|Any CPU
		{92097144-B9F8-405A-A978-C029B2B67234}.Release|Win64.ActiveCfg = Release|Win64
		{92097144-B9F8-405A-A978-C029B2B67234}.Release|Win64.Build.0 = Release|Win64
		{92097144-B9F8-405A-A978-C029B2B67234}.Release|x86.ActiveCfg = Release|Win32
		{92097144-B9F8-405A-A978-C029B2B67234}.Release|x86.Build.0 = Release|Win32
		{4C86B8BA-E14C-426F-875E-E95192DC945E}.Debug|Any CPU.ActiveCfg = Debug|Any CPU
		{4C86B8BA-E14C-426F-875E-E95192DC945E}.Debug|Any CPU.Build.0 = Debug|Any CPU
		{4C86B8BA-E14C-426F-875E-E95192DC945E}.Debug|Win64.ActiveCfg = Debug|Any CPU
		{4C86B8BA-E14C-426F-875E-E95192DC945E}.Debug|Win64.Build.0 = Debug|Any CPU
		{4C86B8BA-E14C-426F-875E-E95192DC945E}.Debug|x86.ActiveCfg = Debug|Any CPU
		{4C86B8BA-E14C-426F-875E-E95192DC945E}.Debug|x86.Build.0 = Debug|Any CPU
		{4C86B8BA-E14C-426F-875E-E95192DC945E}.Release|Any CPU.ActiveCfg = Release|Any CPU
		{4C86B8BA-E14C-426F-875E-E95192DC945E}.Release|Any CPU.Build.0 = Release|Any CPU
		{4C86B8BA-E14C-426F-875E-E95192DC945E}.Release|Win64.ActiveCfg = Release|Any CPU
		{4C86B8BA-E14C-426F-875E-E95192DC945E}.Release|Win64.Build.0 = Release|Any CPU
		{4C86B8BA-E14C-426F-875E-E95192DC945E}.Release|x86.ActiveCfg = Release|Any CPU
		{4C86B8BA-E14C-426F-875E-E95192DC945E}.Release|x86.Build.0 = Release|Any CPU
	EndGlobalSection
	GlobalSection(SolutionProperties) = preSolution
		HideSolutionNode = FALSE
	EndGlobalSection
	GlobalSection(NestedProjects) = preSolution
		{92097144-B9F8-405A-A978-C029B2B67234} = {4066B4D0-F042-4B1C-BE8C-3F8D1FEC9251}
		{4C86B8BA-E14C-426F-875E-E95192DC945E} = {8B6BD6A0-ED68-4003-BF75-D174F3CEB8D9}
	EndGlobalSection
	GlobalSection(ExtensibilityGlobals) = postSolution
		SolutionGuid = {35953078-4648-4364-AF1D-E45E9B4C7BCE}
	EndGlobalSection
EndGlobal
